
Microsoft Visual Studio Solution File, Format Version 12.00
# Visual Studio Version 16
VisualStudioVersion = 16.0.30320.27
MinimumVisualStudioVersion = 10.0.40219.1
Project("{FAE04EC0-301F-11D3-BF4B-00C04F79EFBC}") = "HW5", "HW5.csproj", "{C989B33B-B0E8-446A-A877-379C278E4AC7}"
EndProject
Global
	GlobalSection(SolutionConfigurationPlatforms) = preSolution
		Debug|Any CPU = Debug|Any CPU
		Release|Any CPU = Release|Any CPU
	EndGlobalSection
	GlobalSection(ProjectConfigurationPlatforms) = postSolution
		{C989B33B-B0E8-446A-A877-379C278E4AC7}.Debug|Any CPU.ActiveCfg = Debug|Any CPU
		{C989B33B-B0E8-446A-A877-379C278E4AC7}.Debug|Any CPU.Build.0 = Debug|Any CPU
		{C989B33B-B0E8-446A-A877-379C278E4AC7}.Release|Any CPU.ActiveCfg = Release|Any CPU
		{C989B33B-B0E8-446A-A877-379C278E4AC7}.Release|Any CPU.Build.0 = Release|Any CPU
	EndGlobalSection
	GlobalSection(SolutionProperties) = preSolution
		HideSolutionNode = FALSE
	EndGlobalSection
	GlobalSection(ExtensibilityGlobals) = postSolution
		SolutionGuid = {44391EF2-5CF8-4833-BAE6-7C9891D19AA4}
	EndGlobalSection
EndGlobal
